
Microsoft Visual Studio Solution File, Format Version 12.00
# Visual Studio Version 17
VisualStudioVersion = 17.10.35122.118
MinimumVisualStudioVersion = 10.0.40219.1
Project("{FAE04EC0-301F-11D3-BF4B-00C04F79EFBC}") = "HF6SvendeAPI", "HF6SvendeAPI\HF6SvendeAPI.csproj", "{231B2C64-9B53-497E-AFD3-A3840FA27535}"
EndProject
Global
	GlobalSection(SolutionConfigurationPlatforms) = preSolution
		Debug|Any CPU = Debug|Any CPU
		Release|Any CPU = Release|Any CPU
	EndGlobalSection
	GlobalSection(ProjectConfigurationPlatforms) = postSolution
		{231B2C64-9B53-497E-AFD3-A3840FA27535}.Debug|Any CPU.ActiveCfg = Debug|Any CPU
		{231B2C64-9B53-497E-AFD3-A3840FA27535}.Debug|Any CPU.Build.0 = Debug|Any CPU
		{231B2C64-9B53-497E-AFD3-A3840FA27535}.Release|Any CPU.ActiveCfg = Release|Any CPU
		{231B2C64-9B53-497E-AFD3-A3840FA27535}.Release|Any CPU.Build.0 = Release|Any CPU
	EndGlobalSection
	GlobalSection(SolutionProperties) = preSolution
		HideSolutionNode = FALSE
	EndGlobalSection
	GlobalSection(ExtensibilityGlobals) = postSolution
		SolutionGuid = {AB4AB5D6-3C02-4817-ACB1-1DE56FB10792}
	EndGlobalSection
EndGlobal
